#!/usr/bin/bash

pkg install nodejs npm

# Create a temporary directory
mkdir temp
cd temp

# Create an empty package.json file
echo "{}" > package.json

# Install the dependencies
npm install

# Remove the temporary directory
cd ..
rm -rf temp

echo "package-lock.json has been generated successfully"
